// !$*UTF8*$!
{
	archiveVersion = 1;
	classes = {
	};
	objectVersion = 52;
	objects = {

/* Begin PBXBuildFile section */
		3F5BE5A924178359004F40C0 /* MessageCell.swift in Sources */ = {isa = PBXBuildFile; fileRef = 3F5BE5A724178359004F40C0 /* MessageCell.swift */; };
		3F5BE5AA24178359004F40C0 /* MessageCell.xib in Resources */ = {isa = PBXBuildFile; fileRef = 3F5BE5A824178359004F40C0 /* MessageCell.xib */; };
		3F5E78AB241FD19D0043E14D /* IQKeyboardManagerSwift in Frameworks */ = {isa = PBXBuildFile; productRef = 3F5E78AA241FD19D0043E14D /* IQKeyboardManagerSwift */; };
		3F6F4DC0240E207700E3BD8E /* AppDelegate.swift in Sources */ = {isa = PBXBuildFile; fileRef = 3F6F4DBF240E207700E3BD8E /* AppDelegate.swift */; };
		3F6F4DC2240E207700E3BD8E /* SceneDelegate.swift in Sources */ = {isa = PBXBuildFile; fileRef = 3F6F4DC1240E207700E3BD8E /* SceneDelegate.swift */; };
		3F6F4DC7240E207700E3BD8E /* Main.storyboard in Resources */ = {isa = PBXBuildFile; fileRef = 3F6F4DC5240E207700E3BD8E /* Main.storyboard */; };
		3F6F4DC9240E207A00E3BD8E /* Assets.xcassets in Resources */ = {isa = PBXBuildFile; fileRef = 3F6F4DC8240E207A00E3BD8E /* Assets.xcassets */; };
		3F6F4DCC240E207A00E3BD8E /* LaunchScreen.storyboard in Resources */ = {isa = PBXBuildFile; fileRef = 3F6F4DCA240E207A00E3BD8E /* LaunchScreen.storyboard */; };
		3F6F4DD7240E22C900E3BD8E /* RegisterViewController.swift in Sources */ = {isa = PBXBuildFile; fileRef = 3F6F4DD6240E22C900E3BD8E /* RegisterViewController.swift */; };
		3F6F4DD9240E234600E3BD8E /* LoginViewController.swift in Sources */ = {isa = PBXBuildFile; fileRef = 3F6F4DD8240E234600E3BD8E /* LoginViewController.swift */; };
		3F6F4DDB240E236C00E3BD8E /* ChatViewController.swift in Sources */ = {isa = PBXBuildFile; fileRef = 3F6F4DDA240E236C00E3BD8E /* ChatViewController.swift */; };
		3F6F4DDF240ECCEC00E3BD8E /* WelcomeViewController.swift in Sources */ = {isa = PBXBuildFile; fileRef = 3F6F4DDE240ECCEC00E3BD8E /* WelcomeViewController.swift */; };
		3F6F4DE1240F9BEE00E3BD8E /* GoogleService-Info.plist in Resources */ = {isa = PBXBuildFile; fileRef = 3F6F4DE0240F9BEE00E3BD8E /* GoogleService-Info.plist */; };
		3F8EF7B224127D8400B52122 /* Constants.swift in Sources */ = {isa = PBXBuildFile; fileRef = 3F8EF7B124127D8400B52122 /* Constants.swift */; };
		3F8EF7B424127FB100B52122 /* Message.swift in Sources */ = {isa = PBXBuildFile; fileRef = 3F8EF7B324127FB100B52122 /* Message.swift */; };
		8A818B81636BD74EE9050965 /* libPods-SimpleChatApp.a in Frameworks */ = {isa = PBXBuildFile; fileRef = 0FC3F6C6E8B363A59E30683B /* libPods-SimpleChatApp.a */; };
/* End PBXBuildFile section */

/* Begin PBXFileReference section */
		0FC3F6C6E8B363A59E30683B /* libPods-SimpleChatApp.a */ = {isa = PBXFileReference; explicitFileType = archive.ar; includeInIndex = 0; path = "libPods-SimpleChatApp.a"; sourceTree = BUILT_PRODUCTS_DIR; };
		3F5BE5A724178359004F40C0 /* MessageCell.swift */ = {isa = PBXFileReference; lastKnownFileType = sourcecode.swift; path = MessageCell.swift; sourceTree = "<group>"; };
		3F5BE5A824178359004F40C0 /* MessageCell.xib */ = {isa = PBXFileReference; lastKnownFileType = file.xib; path = MessageCell.xib; sourceTree = "<group>"; };
		3F6F4DBC240E207700E3BD8E /* SimpleChatApp.app */ = {isa = PBXFileReference; explicitFileType = wrapper.application; includeInIndex = 0; path = SimpleChatApp.app; sourceTree = BUILT_PRODUCTS_DIR; };
		3F6F4DBF240E207700E3BD8E /* AppDelegate.swift */ = {isa = PBXFileReference; lastKnownFileType = sourcecode.swift; path = AppDelegate.swift; sourceTree = "<group>"; };
		3F6F4DC1240E207700E3BD8E /* SceneDelegate.swift */ = {isa = PBXFileReference; lastKnownFileType = sourcecode.swift; path = SceneDelegate.swift; sourceTree = "<group>"; };
		3F6F4DC6240E207700E3BD8E /* Base */ = {isa = PBXFileReference; lastKnownFileType = file.storyboard; name = Base; path = Base.lproj/Main.storyboard; sourceTree = "<group>"; };
		3F6F4DC8240E207A00E3BD8E /* Assets.xcassets */ = {isa = PBXFileReference; lastKnownFileType = folder.assetcatalog; path = Assets.xcassets; sourceTree = "<group>"; };
		3F6F4DCB240E207A00E3BD8E /* Base */ = {isa = PBXFileReference; lastKnownFileType = file.storyboard; name = Base; path = Base.lproj/LaunchScreen.storyboard; sourceTree = "<group>"; };
		3F6F4DCD240E207A00E3BD8E /* Info.plist */ = {isa = PBXFileReference; lastKnownFileType = text.plist.xml; path = Info.plist; sourceTree = "<group>"; };
		3F6F4DD6240E22C900E3BD8E /* RegisterViewController.swift */ = {isa = PBXFileReference; lastKnownFileType = sourcecode.swift; path = RegisterViewController.swift; sourceTree = "<group>"; };
		3F6F4DD8240E234600E3BD8E /* LoginViewController.swift */ = {isa = PBXFileReference; lastKnownFileType = sourcecode.swift; path = LoginViewController.swift; sourceTree = "<group>"; };
		3F6F4DDA240E236C00E3BD8E /* ChatViewController.swift */ = {isa = PBXFileReference; lastKnownFileType = sourcecode.swift; path = ChatViewController.swift; sourceTree = "<group>"; };
		3F6F4DDE240ECCEC00E3BD8E /* WelcomeViewController.swift */ = {isa = PBXFileReference; lastKnownFileType = sourcecode.swift; path = WelcomeViewController.swift; sourceTree = "<group>"; };
		3F6F4DE0240F9BEE00E3BD8E /* GoogleService-Info.plist */ = {isa = PBXFileReference; fileEncoding = 4; lastKnownFileType = text.plist.xml; path = "GoogleService-Info.plist"; sourceTree = "<group>"; };
		3F8EF7B124127D8400B52122 /* Constants.swift */ = {isa = PBXFileReference; lastKnownFileType = sourcecode.swift; path = Constants.swift; sourceTree = "<group>"; };
		3F8EF7B324127FB100B52122 /* Message.swift */ = {isa = PBXFileReference; lastKnownFileType = sourcecode.swift; path = Message.swift; sourceTree = "<group>"; };
		9D48A62BE9BED84659639781 /* Pods-SimpleChatApp.debug.xcconfig */ = {isa = PBXFileReference; includeInIndex = 1; lastKnownFileType = text.xcconfig; name = "Pods-SimpleChatApp.debug.xcconfig"; path = "Target Support Files/Pods-SimpleChatApp/Pods-SimpleChatApp.debug.xcconfig"; sourceTree = "<group>"; };
		F0EFD2CF1CDD012F113DC24A /* Pods-SimpleChatApp.release.xcconfig */ = {isa = PBXFileReference; includeInIndex = 1; lastKnownFileType = text.xcconfig; name = "Pods-SimpleChatApp.release.xcconfig"; path = "Target Support Files/Pods-SimpleChatApp/Pods-SimpleChatApp.release.xcconfig"; sourceTree = "<group>"; };
/* End PBXFileReference section */

/* Begin PBXFrameworksBuildPhase section */
		3F6F4DB9240E207700E3BD8E /* Frameworks */ = {
			isa = PBXFrameworksBuildPhase;
			buildActionMask = 2147483647;
			files = (
				8A818B81636BD74EE9050965 /* libPods-SimpleChatApp.a in Frameworks */,
				3F5E78AB241FD19D0043E14D /* IQKeyboardManagerSwift in Frameworks */,
			);
			runOnlyForDeploymentPostprocessing = 0;
		};
/* End PBXFrameworksBuildPhase section */

/* Begin PBXGroup section */
		3F6F4DB3240E207700E3BD8E = {
			isa = PBXGroup;
			children = (
				3F6F4DBE240E207700E3BD8E /* SimpleChatApp */,
				3F6F4DBD240E207700E3BD8E /* Products */,
				70424A30B6D9F84130E0DEB5 /* Pods */,
				9F71189A091CD3C917ADA48E /* Frameworks */,
			);
			sourceTree = "<group>";
		};
		3F6F4DBD240E207700E3BD8E /* Products */ = {
			isa = PBXGroup;
			children = (
				3F6F4DBC240E207700E3BD8E /* SimpleChatApp.app */,
			);
			name = Products;
			sourceTree = "<group>";
		};
		3F6F4DBE240E207700E3BD8E /* SimpleChatApp */ = {
			isa = PBXGroup;
			children = (
				3F6F4DBF240E207700E3BD8E /* AppDelegate.swift */,
				3F6F4DC1240E207700E3BD8E /* SceneDelegate.swift */,
				3F6F4DDD240E2BAE00E3BD8E /* Models */,
				3F6F4DDC240E2B9600E3BD8E /* Views */,
				3F6F4DD5240E212100E3BD8E /* Controllers */,
				3F6F4DC8240E207A00E3BD8E /* Assets.xcassets */,
				3F6F4DCA240E207A00E3BD8E /* LaunchScreen.storyboard */,
				3F6F4DCD240E207A00E3BD8E /* Info.plist */,
				3F6F4DE0240F9BEE00E3BD8E /* GoogleService-Info.plist */,
				3F8EF7B124127D8400B52122 /* Constants.swift */,
			);
			path = SimpleChatApp;
			sourceTree = "<group>";
		};
		3F6F4DD5240E212100E3BD8E /* Controllers */ = {
			isa = PBXGroup;
			children = (
				3F6F4DDE240ECCEC00E3BD8E /* WelcomeViewController.swift */,
				3F6F4DD6240E22C900E3BD8E /* RegisterViewController.swift */,
				3F6F4DD8240E234600E3BD8E /* LoginViewController.swift */,
				3F6F4DDA240E236C00E3BD8E /* ChatViewController.swift */,
			);
			path = Controllers;
			sourceTree = "<group>";
		};
		3F6F4DDC240E2B9600E3BD8E /* Views */ = {
			isa = PBXGroup;
			children = (
				3F6F4DC5240E207700E3BD8E /* Main.storyboard */,
				3F5BE5A724178359004F40C0 /* MessageCell.swift */,
				3F5BE5A824178359004F40C0 /* MessageCell.xib */,
			);
			path = Views;
			sourceTree = "<group>";
		};
		3F6F4DDD240E2BAE00E3BD8E /* Models */ = {
			isa = PBXGroup;
			children = (
				3F8EF7B324127FB100B52122 /* Message.swift */,
			);
			path = Models;
			sourceTree = "<group>";
		};
		70424A30B6D9F84130E0DEB5 /* Pods */ = {
			isa = PBXGroup;
			children = (
				9D48A62BE9BED84659639781 /* Pods-SimpleChatApp.debug.xcconfig */,
				F0EFD2CF1CDD012F113DC24A /* Pods-SimpleChatApp.release.xcconfig */,
			);
			path = Pods;
			sourceTree = "<group>";
		};
		9F71189A091CD3C917ADA48E /* Frameworks */ = {
			isa = PBXGroup;
			children = (
				0FC3F6C6E8B363A59E30683B /* libPods-SimpleChatApp.a */,
			);
			name = Frameworks;
			sourceTree = "<group>";
		};
/* End PBXGroup section */

/* Begin PBXNativeTarget section */
		3F6F4DBB240E207700E3BD8E /* SimpleChatApp */ = {
			isa = PBXNativeTarget;
			buildConfigurationList = 3F6F4DD0240E207A00E3BD8E /* Build configuration list for PBXNativeTarget "SimpleChatApp" */;
			buildPhases = (
				5EE5AAC3983AC4D0D031E494 /* [CP] Check Pods Manifest.lock */,
				3F6F4DB8240E207700E3BD8E /* Sources */,
				3F6F4DB9240E207700E3BD8E /* Frameworks */,
				3F6F4DBA240E207700E3BD8E /* Resources */,
				A4D9D973FAAF277894FA8C6E /* [CP] Copy Pods Resources */,
			);
			buildRules = (
			);
			dependencies = (
			);
			name = SimpleChatApp;
			packageProductDependencies = (
				3F5E78AA241FD19D0043E14D /* IQKeyboardManagerSwift */,
			);
			productName = SImpleChatApp;
			productReference = 3F6F4DBC240E207700E3BD8E /* SimpleChatApp.app */;
			productType = "com.apple.product-type.application";
		};
/* End PBXNativeTarget section */

/* Begin PBXProject section */
		3F6F4DB4240E207700E3BD8E /* Project object */ = {
			isa = PBXProject;
			attributes = {
				LastSwiftUpdateCheck = 1130;
				LastUpgradeCheck = 1130;
				ORGANIZATIONNAME = "Junmo Han";
				TargetAttributes = {
					3F6F4DBB240E207700E3BD8E = {
						CreatedOnToolsVersion = 11.3.1;
					};
				};
			};
			buildConfigurationList = 3F6F4DB7240E207700E3BD8E /* Build configuration list for PBXProject "SimpleChatApp" */;
			compatibilityVersion = "Xcode 9.3";
			developmentRegion = en;
			hasScannedForEncodings = 0;
			knownRegions = (
				en,
				Base,
			);
			mainGroup = 3F6F4DB3240E207700E3BD8E;
			packageReferences = (
				3F5E78A9241FD19D0043E14D /* XCRemoteSwiftPackageReference "IQKeyboardManager" */,
			);
			productRefGroup = 3F6F4DBD240E207700E3BD8E /* Products */;
			projectDirPath = "";
			projectRoot = "";
			targets = (
				3F6F4DBB240E207700E3BD8E /* SimpleChatApp */,
			);
		};
/* End PBXProject section */

/* Begin PBXResourcesBuildPhase section */
		3F6F4DBA240E207700E3BD8E /* Resources */ = {
			isa = PBXResourcesBuildPhase;
			buildActionMask = 2147483647;
			files = (
				3F5BE5AA24178359004F40C0 /* MessageCell.xib in Resources */,
				3F6F4DCC240E207A00E3BD8E /* LaunchScreen.storyboard in Resources */,
				3F6F4DE1240F9BEE00E3BD8E /* GoogleService-Info.plist in Resources */,
				3F6F4DC9240E207A00E3BD8E /* Assets.xcassets in Resources */,
				3F6F4DC7240E207700E3BD8E /* Main.storyboard in Resources */,
			);
			runOnlyForDeploymentPostprocessing = 0;
		};
/* End PBXResourcesBuildPhase section */

/* Begin PBXShellScriptBuildPhase section */
		5EE5AAC3983AC4D0D031E494 /* [CP] Check Pods Manifest.lock */ = {
			isa = PBXShellScriptBuildPhase;
			buildActionMask = 2147483647;
			files = (
			);
			inputFileListPaths = (
			);
			inputPaths = (
				"${PODS_PODFILE_DIR_PATH}/Podfile.lock",
				"${PODS_ROOT}/Manifest.lock",
			);
			name = "[CP] Check Pods Manifest.lock";
			outputFileListPaths = (
			);
			outputPaths = (
				"$(DERIVED_FILE_DIR)/Pods-SimpleChatApp-checkManifestLockResult.txt",
			);
			runOnlyForDeploymentPostprocessing = 0;
			shellPath = /bin/sh;
			shellScript = "diff \"${PODS_PODFILE_DIR_PATH}/Podfile.lock\" \"${PODS_ROOT}/Manifest.lock\" > /dev/null\nif [ $? != 0 ] ; then\n    # print error to STDERR\n    echo \"error: The sandbox is not in sync with the Podfile.lock. Run 'pod install' or update your CocoaPods installation.\" >&2\n    exit 1\nfi\n# This output is used by Xcode 'outputs' to avoid re-running this script phase.\necho \"SUCCESS\" > \"${SCRIPT_OUTPUT_FILE_0}\"\n";
			showEnvVarsInLog = 0;
		};
		A4D9D973FAAF277894FA8C6E /* [CP] Copy Pods Resources */ = {
			isa = PBXShellScriptBuildPhase;
			buildActionMask = 2147483647;
			files = (
			);
			inputFileListPaths = (
				"${PODS_ROOT}/Target Support Files/Pods-SimpleChatApp/Pods-SimpleChatApp-resources-${CONFIGURATION}-input-files.xcfilelist",
			);
			name = "[CP] Copy Pods Resources";
			outputFileListPaths = (
				"${PODS_ROOT}/Target Support Files/Pods-SimpleChatApp/Pods-SimpleChatApp-resources-${CONFIGURATION}-output-files.xcfilelist",
			);
			runOnlyForDeploymentPostprocessing = 0;
			shellPath = /bin/sh;
			shellScript = "\"${PODS_ROOT}/Target Support Files/Pods-SimpleChatApp/Pods-SimpleChatApp-resources.sh\"\n";
			showEnvVarsInLog = 0;
		};
/* End PBXShellScriptBuildPhase section */

/* Begin PBXSourcesBuildPhase section */
		3F6F4DB8240E207700E3BD8E /* Sources */ = {
			isa = PBXSourcesBuildPhase;
			buildActionMask = 2147483647;
			files = (
				3F6F4DC0240E207700E3BD8E /* AppDelegate.swift in Sources */,
				3F6F4DC2240E207700E3BD8E /* SceneDelegate.swift in Sources */,
				3F6F4DD9240E234600E3BD8E /* LoginViewController.swift in Sources */,
				3F6F4DDF240ECCEC00E3BD8E /* WelcomeViewController.swift in Sources */,
				3F8EF7B224127D8400B52122 /* Constants.swift in Sources */,
				3F8EF7B424127FB100B52122 /* Message.swift in Sources */,
				3F6F4DDB240E236C00E3BD8E /* ChatViewController.swift in Sources */,
				3F6F4DD7240E22C900E3BD8E /* RegisterViewController.swift in Sources */,
				3F5BE5A924178359004F40C0 /* MessageCell.swift in Sources */,
			);
			runOnlyForDeploymentPostprocessing = 0;
		};
/* End PBXSourcesBuildPhase section */

/* Begin PBXVariantGroup section */
		3F6F4DC5240E207700E3BD8E /* Main.storyboard */ = {
			isa = PBXVariantGroup;
			children = (
				3F6F4DC6240E207700E3BD8E /* Base */,
			);
			name = Main.storyboard;
			sourceTree = "<group>";
		};
		3F6F4DCA240E207A00E3BD8E /* LaunchScreen.storyboard */ = {
			isa = PBXVariantGroup;
			children = (
				3F6F4DCB240E207A00E3BD8E /* Base */,
			);
			name = LaunchScreen.storyboard;
			sourceTree = "<group>";
		};
/* End PBXVariantGroup section */

/* Begin XCBuildConfiguration section */
		3F6F4DCE240E207A00E3BD8E /* Debug */ = {
			isa = XCBuildConfiguration;
			buildSettings = {
				ALWAYS_SEARCH_USER_PATHS = NO;
				CLANG_ANALYZER_NONNULL = YES;
				CLANG_ANALYZER_NUMBER_OBJECT_CONVERSION = YES_AGGRESSIVE;
				CLANG_CXX_LANGUAGE_STANDARD = "gnu++14";
				CLANG_CXX_LIBRARY = "libc++";
				CLANG_ENABLE_MODULES = YES;
				CLANG_ENABLE_OBJC_ARC = YES;
				CLANG_ENABLE_OBJC_WEAK = YES;
				CLANG_WARN_BLOCK_CAPTURE_AUTORELEASING = YES;
				CLANG_WARN_BOOL_CONVERSION = YES;
				CLANG_WARN_COMMA = YES;
				CLANG_WARN_CONSTANT_CONVERSION = YES;
				CLANG_WARN_DEPRECATED_OBJC_IMPLEMENTATIONS = YES;
				CLANG_WARN_DIRECT_OBJC_ISA_USAGE = YES_ERROR;
				CLANG_WARN_DOCUMENTATION_COMMENTS = YES;
				CLANG_WARN_EMPTY_BODY = YES;
				CLANG_WARN_ENUM_CONVERSION = YES;
				CLANG_WARN_INFINITE_RECURSION = YES;
				CLANG_WARN_INT_CONVERSION = YES;
				CLANG_WARN_NON_LITERAL_NULL_CONVERSION = YES;
				CLANG_WARN_OBJC_IMPLICIT_RETAIN_SELF = YES;
				CLANG_WARN_OBJC_LITERAL_CONVERSION = YES;
				CLANG_WARN_OBJC_ROOT_CLASS = YES_ERROR;
				CLANG_WARN_RANGE_LOOP_ANALYSIS = YES;
				CLANG_WARN_STRICT_PROTOTYPES = YES;
				CLANG_WARN_SUSPICIOUS_MOVE = YES;
				CLANG_WARN_UNGUARDED_AVAILABILITY = YES_AGGRESSIVE;
				CLANG_WARN_UNREACHABLE_CODE = YES;
				CLANG_WARN__DUPLICATE_METHOD_MATCH = YES;
				COPY_PHASE_STRIP = NO;
				DEBUG_INFORMATION_FORMAT = dwarf;
				ENABLE_STRICT_OBJC_MSGSEND = YES;
				ENABLE_TESTABILITY = YES;
				GCC_C_LANGUAGE_STANDARD = gnu11;
				GCC_DYNAMIC_NO_PIC = NO;
				GCC_NO_COMMON_BLOCKS = YES;
				GCC_OPTIMIZATION_LEVEL = 0;
				GCC_PREPROCESSOR_DEFINITIONS = (
					"DEBUG=1",
					"$(inherited)",
				);
				GCC_WARN_64_TO_32_BIT_CONVERSION = YES;
				GCC_WARN_ABOUT_RETURN_TYPE = YES_ERROR;
				GCC_WARN_UNDECLARED_SELECTOR = YES;
				GCC_WARN_UNINITIALIZED_AUTOS = YES_AGGRESSIVE;
				GCC_WARN_UNUSED_FUNCTION = YES;
				GCC_WARN_UNUSED_VARIABLE = YES;
				IPHONEOS_DEPLOYMENT_TARGET = 13.2;
				MTL_ENABLE_DEBUG_INFO = INCLUDE_SOURCE;
				MTL_FAST_MATH = YES;
				ONLY_ACTIVE_ARCH = YES;
				SDKROOT = iphoneos;
				SWIFT_ACTIVE_COMPILATION_CONDITIONS = DEBUG;
				SWIFT_OPTIMIZATION_LEVEL = "-Onone";
			};
			name = Debug;
		};
		3F6F4DCF240E207A00E3BD8E /* Release */ = {
			isa = XCBuildConfiguration;
			buildSettings = {
				ALWAYS_SEARCH_USER_PATHS = NO;
				CLANG_ANALYZER_NONNULL = YES;
				CLANG_ANALYZER_NUMBER_OBJECT_CONVERSION = YES_AGGRESSIVE;
				CLANG_CXX_LANGUAGE_STANDARD = "gnu++14";
				CLANG_CXX_LIBRARY = "libc++";
				CLANG_ENABLE_MODULES = YES;
				CLANG_ENABLE_OBJC_ARC = YES;
				CLANG_ENABLE_OBJC_WEAK = YES;
				CLANG_WARN_BLOCK_CAPTURE_AUTORELEASING = YES;
				CLANG_WARN_BOOL_CONVERSION = YES;
				CLANG_WARN_COMMA = YES;
				CLANG_WARN_CONSTANT_CONVERSION = YES;
				CLANG_WARN_DEPRECATED_OBJC_IMPLEMENTATIONS = YES;
				CLANG_WARN_DIRECT_OBJC_ISA_USAGE = YES_ERROR;
				CLANG_WARN_DOCUMENTATION_COMMENTS = YES;
				CLANG_WARN_EMPTY_BODY = YES;
				CLANG_WARN_ENUM_CONVERSION = YES;
				CLANG_WARN_INFINITE_RECURSION = YES;
				CLANG_WARN_INT_CONVERSION = YES;
				CLANG_WARN_NON_LITERAL_NULL_CONVERSION = YES;
				CLANG_WARN_OBJC_IMPLICIT_RETAIN_SELF = YES;
				CLANG_WARN_OBJC_LITERAL_CONVERSION = YES;
				CLANG_WARN_OBJC_ROOT_CLASS = YES_ERROR;
				CLANG_WARN_RANGE_LOOP_ANALYSIS = YES;
				CLANG_WARN_STRICT_PROTOTYPES = YES;
				CLANG_WARN_SUSPICIOUS_MOVE = YES;
				CLANG_WARN_UNGUARDED_AVAILABILITY = YES_AGGRESSIVE;
				CLANG_WARN_UNREACHABLE_CODE = YES;
				CLANG_WARN__DUPLICATE_METHOD_MATCH = YES;
				COPY_PHASE_STRIP = NO;
				DEBUG_INFORMATION_FORMAT = "dwarf-with-dsym";
				ENABLE_NS_ASSERTIONS = NO;
				ENABLE_STRICT_OBJC_MSGSEND = YES;
				GCC_C_LANGUAGE_STANDARD = gnu11;
				GCC_NO_COMMON_BLOCKS = YES;
				GCC_WARN_64_TO_32_BIT_CONVERSION = YES;
				GCC_WARN_ABOUT_RETURN_TYPE = YES_ERROR;
				GCC_WARN_UNDECLARED_SELECTOR = YES;
				GCC_WARN_UNINITIALIZED_AUTOS = YES_AGGRESSIVE;
				GCC_WARN_UNUSED_FUNCTION = YES;
				GCC_WARN_UNUSED_VARIABLE = YES;
				IPHONEOS_DEPLOYMENT_TARGET = 13.2;
				MTL_ENABLE_DEBUG_INFO = NO;
				MTL_FAST_MATH = YES;
				SDKROOT = iphoneos;
				SWIFT_COMPILATION_MODE = wholemodule;
				SWIFT_OPTIMIZATION_LEVEL = "-O";
				VALIDATE_PRODUCT = YES;
			};
			name = Release;
		};
		3F6F4DD1240E207A00E3BD8E /* Debug */ = {
			isa = XCBuildConfiguration;
			baseConfigurationReference = 9D48A62BE9BED84659639781 /* Pods-SimpleChatApp.debug.xcconfig */;
			buildSettings = {
				ASSETCATALOG_COMPILER_APPICON_NAME = AppIcon;
				CODE_SIGN_IDENTITY = "Apple Development";
				CODE_SIGN_STYLE = Automatic;
				DEVELOPMENT_TEAM = 69QD77CWUC;
				INFOPLIST_FILE = SImpleChatApp/Info.plist;
				LD_RUNPATH_SEARCH_PATHS = (
					"$(inherited)",
					"@executable_path/Frameworks",
				);
				PRODUCT_BUNDLE_IDENTIFIER = com.junmohan.SimpleChatApp;
				PRODUCT_NAME = SimpleChatApp;
				PROVISIONING_PROFILE_SPECIFIER = "";
				SWIFT_VERSION = 5.0;
				TARGETED_DEVICE_FAMILY = "1,2";
			};
			name = Debug;
		};
		3F6F4DD2240E207A00E3BD8E /* Release */ = {
			isa = XCBuildConfiguration;
			baseConfigurationReference = F0EFD2CF1CDD012F113DC24A /* Pods-SimpleChatApp.release.xcconfig */;
			buildSettings = {
				ASSETCATALOG_COMPILER_APPICON_NAME = AppIcon;
				CODE_SIGN_IDENTITY = "Apple Development";
				CODE_SIGN_STYLE = Automatic;
				DEVELOPMENT_TEAM = 69QD77CWUC;
				INFOPLIST_FILE = SImpleChatApp/Info.plist;
				LD_RUNPATH_SEARCH_PATHS = (
					"$(inherited)",
					"@executable_path/Frameworks",
				);
				PRODUCT_BUNDLE_IDENTIFIER = com.junmohan.SimpleChatApp;
				PRODUCT_NAME = SimpleChatApp;
				PROVISIONING_PROFILE_SPECIFIER = "";
				SWIFT_VERSION = 5.0;
				TARGETED_DEVICE_FAMILY = "1,2";
			};
			name = Release;
		};
/* End XCBuildConfiguration section */

/* Begin XCConfigurationList section */
		3F6F4DB7240E207700E3BD8E /* Build configuration list for PBXProject "SimpleChatApp" */ = {
			isa = XCConfigurationList;
			buildConfigurations = (
				3F6F4DCE240E207A00E3BD8E /* Debug */,
				3F6F4DCF240E207A00E3BD8E /* Release */,
			);
			defaultConfigurationIsVisible = 0;
			defaultConfigurationName = Release;
		};
		3F6F4DD0240E207A00E3BD8E /* Build configuration list for PBXNativeTarget "SimpleChatApp" */ = {
			isa = XCConfigurationList;
			buildConfigurations = (
				3F6F4DD1240E207A00E3BD8E /* Debug */,
				3F6F4DD2240E207A00E3BD8E /* Release */,
			);
			defaultConfigurationIsVisible = 0;
			defaultConfigurationName = Release;
		};
/* End XCConfigurationList section */

/* Begin XCRemoteSwiftPackageReference section */
		3F5E78A9241FD19D0043E14D /* XCRemoteSwiftPackageReference "IQKeyboardManager" */ = {
			isa = XCRemoteSwiftPackageReference;
			repositoryURL = "https://github.com/hackiftekhar/IQKeyboardManager";
			requirement = {
				kind = upToNextMajorVersion;
				minimumVersion = 6.5.5;
			};
		};
/* End XCRemoteSwiftPackageReference section */

/* Begin XCSwiftPackageProductDependency section */
		3F5E78AA241FD19D0043E14D /* IQKeyboardManagerSwift */ = {
			isa = XCSwiftPackageProductDependency;
			package = 3F5E78A9241FD19D0043E14D /* XCRemoteSwiftPackageReference "IQKeyboardManager" */;
			productName = IQKeyboardManagerSwift;
		};
/* End XCSwiftPackageProductDependency section */
	};
	rootObject = 3F6F4DB4240E207700E3BD8E /* Project object */;
}
